
Microsoft Visual Studio Solution File, Format Version 12.00
Project("{2150E333-8FDC-42A3-9474-1A3956D46DE8}") = "Services", "Services", "{7CE50D04-8F95-4DF3-BFE3-75C3FDE5B709}"
EndProject
Project("{2150E333-8FDC-42A3-9474-1A3956D46DE8}") = "Catalog", "Catalog", "{78F7B8C9-B2FF-4C43-A7B5-69ECC788C24F}"
EndProject
Project("{FAE04EC0-301F-11D3-BF4B-00C04F79EFBC}") = "Catalog.API", "Services\Catalog\Catalog.API\Catalog.API.csproj", "{09B22660-4F4F-4C31-B9EA-92445E33314B}"
EndProject
Project("{2150E333-8FDC-42A3-9474-1A3956D46DE8}") = "Basket", "Basket", "{DFBB43E5-405A-4984-8BFF-3CC6D57DE4A2}"
EndProject
Project("{FAE04EC0-301F-11D3-BF4B-00C04F79EFBC}") = "Basket.API", "Services\Basket\Basket.API\Basket.API.csproj", "{C7DD3BCE-3B7A-494C-BD06-7AC3D37AA1F6}"
EndProject
Project("{2150E333-8FDC-42A3-9474-1A3956D46DE8}") = "Discount", "Discount", "{72CEE39F-D80E-4119-BF40-FB3EB4612D02}"
EndProject
Project("{FAE04EC0-301F-11D3-BF4B-00C04F79EFBC}") = "Discount.API", "Services\Discount\Discount.API\Discount.API.csproj", "{417FAFD1-E354-499B-B15C-0982C72B1DED}"
EndProject
Project("{FAE04EC0-301F-11D3-BF4B-00C04F79EFBC}") = "Discount.GRPC", "Services\Discount\Discount.GRPC\Discount.GRPC.csproj", "{59E8BBC3-F1D3-435D-B6DE-0DFBC44D92CF}"
EndProject
Project("{2150E333-8FDC-42A3-9474-1A3956D46DE8}") = "Ordering", "Ordering", "{89469338-F02E-46DB-9F1E-11893F4BA70A}"
EndProject
Project("{FAE04EC0-301F-11D3-BF4B-00C04F79EFBC}") = "Ordering.API", "Services\Ordering\Ordering.API\Ordering.API.csproj", "{1B6F0B6E-E72B-45B8-9FB7-912CC86A7F30}"
EndProject
Project("{FAE04EC0-301F-11D3-BF4B-00C04F79EFBC}") = "Ordering.Domain", "Services\Ordering\Ordering.Domain\Ordering.Domain.csproj", "{E51AD521-FFFA-4C1A-A98E-D1C62E7BCB4D}"
EndProject
Project("{FAE04EC0-301F-11D3-BF4B-00C04F79EFBC}") = "Ordering.Application", "Services\Ordering\Ordering.Application\Ordering.Application.csproj", "{AA0EA118-AE34-4C46-8CA1-4C54B32472EB}"
EndProject
Project("{FAE04EC0-301F-11D3-BF4B-00C04F79EFBC}") = "Ordering.Infrastructure", "Services\Ordering\Ordering.Infrastructure\Ordering.Infrastructure.csproj", "{10C075E6-E490-47BD-B819-F345FF98CE66}"
EndProject
Project("{2150E333-8FDC-42A3-9474-1A3956D46DE8}") = "BuildingBlocks", "BuildingBlocks", "{DDBC0931-AFDA-441C-A1BA-AA56FFDD9937}"
EndProject
Project("{FAE04EC0-301F-11D3-BF4B-00C04F79EFBC}") = "EventBus.Messages", "BuildingBlocks\EventBus.Messages\EventBus.Messages.csproj", "{BA1CA778-745A-49D7-A973-2E57270F6CD1}"
EndProject
Project("{2150E333-8FDC-42A3-9474-1A3956D46DE8}") = "ApiGateways", "ApiGateways", "{2EA61556-F7C2-4868-9A1B-46FE9A6DCEB8}"
EndProject
Project("{FAE04EC0-301F-11D3-BF4B-00C04F79EFBC}") = "OcelotApiGw", "ApiGateways\OcelotApiGw\OcelotApiGw.csproj", "{780A653A-A7D3-4827-94B1-462A31CF9A72}"
EndProject
Project("{FAE04EC0-301F-11D3-BF4B-00C04F79EFBC}") = "Shopping.Aggregator", "ApiGateways\Shopping.Aggregator\Shopping.Aggregator.csproj", "{EB00BF9D-191C-49F3-8422-A2415DD04E38}"
EndProject
Global
	GlobalSection(SolutionConfigurationPlatforms) = preSolution
		Debug|Any CPU = Debug|Any CPU
		Release|Any CPU = Release|Any CPU
	EndGlobalSection
	GlobalSection(NestedProjects) = preSolution
		{78F7B8C9-B2FF-4C43-A7B5-69ECC788C24F} = {7CE50D04-8F95-4DF3-BFE3-75C3FDE5B709}
		{09B22660-4F4F-4C31-B9EA-92445E33314B} = {78F7B8C9-B2FF-4C43-A7B5-69ECC788C24F}
		{DFBB43E5-405A-4984-8BFF-3CC6D57DE4A2} = {7CE50D04-8F95-4DF3-BFE3-75C3FDE5B709}
		{C7DD3BCE-3B7A-494C-BD06-7AC3D37AA1F6} = {DFBB43E5-405A-4984-8BFF-3CC6D57DE4A2}
		{72CEE39F-D80E-4119-BF40-FB3EB4612D02} = {7CE50D04-8F95-4DF3-BFE3-75C3FDE5B709}
		{417FAFD1-E354-499B-B15C-0982C72B1DED} = {72CEE39F-D80E-4119-BF40-FB3EB4612D02}
		{59E8BBC3-F1D3-435D-B6DE-0DFBC44D92CF} = {72CEE39F-D80E-4119-BF40-FB3EB4612D02}
		{89469338-F02E-46DB-9F1E-11893F4BA70A} = {7CE50D04-8F95-4DF3-BFE3-75C3FDE5B709}
		{1B6F0B6E-E72B-45B8-9FB7-912CC86A7F30} = {89469338-F02E-46DB-9F1E-11893F4BA70A}
		{E51AD521-FFFA-4C1A-A98E-D1C62E7BCB4D} = {89469338-F02E-46DB-9F1E-11893F4BA70A}
		{AA0EA118-AE34-4C46-8CA1-4C54B32472EB} = {89469338-F02E-46DB-9F1E-11893F4BA70A}
		{10C075E6-E490-47BD-B819-F345FF98CE66} = {89469338-F02E-46DB-9F1E-11893F4BA70A}
		{BA1CA778-745A-49D7-A973-2E57270F6CD1} = {DDBC0931-AFDA-441C-A1BA-AA56FFDD9937}
		{780A653A-A7D3-4827-94B1-462A31CF9A72} = {2EA61556-F7C2-4868-9A1B-46FE9A6DCEB8}
		{EB00BF9D-191C-49F3-8422-A2415DD04E38} = {2EA61556-F7C2-4868-9A1B-46FE9A6DCEB8}
	EndGlobalSection
	GlobalSection(ProjectConfigurationPlatforms) = postSolution
		{09B22660-4F4F-4C31-B9EA-92445E33314B}.Debug|Any CPU.ActiveCfg = Debug|Any CPU
		{09B22660-4F4F-4C31-B9EA-92445E33314B}.Debug|Any CPU.Build.0 = Debug|Any CPU
		{09B22660-4F4F-4C31-B9EA-92445E33314B}.Release|Any CPU.ActiveCfg = Release|Any CPU
		{09B22660-4F4F-4C31-B9EA-92445E33314B}.Release|Any CPU.Build.0 = Release|Any CPU
		{C7DD3BCE-3B7A-494C-BD06-7AC3D37AA1F6}.Debug|Any CPU.ActiveCfg = Debug|Any CPU
		{C7DD3BCE-3B7A-494C-BD06-7AC3D37AA1F6}.Debug|Any CPU.Build.0 = Debug|Any CPU
		{C7DD3BCE-3B7A-494C-BD06-7AC3D37AA1F6}.Release|Any CPU.ActiveCfg = Release|Any CPU
		{C7DD3BCE-3B7A-494C-BD06-7AC3D37AA1F6}.Release|Any CPU.Build.0 = Release|Any CPU
		{417FAFD1-E354-499B-B15C-0982C72B1DED}.Debug|Any CPU.ActiveCfg = Debug|Any CPU
		{417FAFD1-E354-499B-B15C-0982C72B1DED}.Debug|Any CPU.Build.0 = Debug|Any CPU
		{417FAFD1-E354-499B-B15C-0982C72B1DED}.Release|Any CPU.ActiveCfg = Release|Any CPU
		{417FAFD1-E354-499B-B15C-0982C72B1DED}.Release|Any CPU.Build.0 = Release|Any CPU
		{59E8BBC3-F1D3-435D-B6DE-0DFBC44D92CF}.Debug|Any CPU.ActiveCfg = Debug|Any CPU
		{59E8BBC3-F1D3-435D-B6DE-0DFBC44D92CF}.Debug|Any CPU.Build.0 = Debug|Any CPU
		{59E8BBC3-F1D3-435D-B6DE-0DFBC44D92CF}.Release|Any CPU.ActiveCfg = Release|Any CPU
		{59E8BBC3-F1D3-435D-B6DE-0DFBC44D92CF}.Release|Any CPU.Build.0 = Release|Any CPU
		{1B6F0B6E-E72B-45B8-9FB7-912CC86A7F30}.Debug|Any CPU.ActiveCfg = Debug|Any CPU
		{1B6F0B6E-E72B-45B8-9FB7-912CC86A7F30}.Debug|Any CPU.Build.0 = Debug|Any CPU
		{1B6F0B6E-E72B-45B8-9FB7-912CC86A7F30}.Release|Any CPU.ActiveCfg = Release|Any CPU
		{1B6F0B6E-E72B-45B8-9FB7-912CC86A7F30}.Release|Any CPU.Build.0 = Release|Any CPU
		{E51AD521-FFFA-4C1A-A98E-D1C62E7BCB4D}.Debug|Any CPU.ActiveCfg = Debug|Any CPU
		{E51AD521-FFFA-4C1A-A98E-D1C62E7BCB4D}.Debug|Any CPU.Build.0 = Debug|Any CPU
		{E51AD521-FFFA-4C1A-A98E-D1C62E7BCB4D}.Release|Any CPU.ActiveCfg = Release|Any CPU
		{E51AD521-FFFA-4C1A-A98E-D1C62E7BCB4D}.Release|Any CPU.Build.0 = Release|Any CPU
		{AA0EA118-AE34-4C46-8CA1-4C54B32472EB}.Debug|Any CPU.ActiveCfg = Debug|Any CPU
		{AA0EA118-AE34-4C46-8CA1-4C54B32472EB}.Debug|Any CPU.Build.0 = Debug|Any CPU
		{AA0EA118-AE34-4C46-8CA1-4C54B32472EB}.Release|Any CPU.ActiveCfg = Release|Any CPU
		{AA0EA118-AE34-4C46-8CA1-4C54B32472EB}.Release|Any CPU.Build.0 = Release|Any CPU
		{10C075E6-E490-47BD-B819-F345FF98CE66}.Debug|Any CPU.ActiveCfg = Debug|Any CPU
		{10C075E6-E490-47BD-B819-F345FF98CE66}.Debug|Any CPU.Build.0 = Debug|Any CPU
		{10C075E6-E490-47BD-B819-F345FF98CE66}.Release|Any CPU.ActiveCfg = Release|Any CPU
		{10C075E6-E490-47BD-B819-F345FF98CE66}.Release|Any CPU.Build.0 = Release|Any CPU
		{BA1CA778-745A-49D7-A973-2E57270F6CD1}.Debug|Any CPU.ActiveCfg = Debug|Any CPU
		{BA1CA778-745A-49D7-A973-2E57270F6CD1}.Debug|Any CPU.Build.0 = Debug|Any CPU
		{BA1CA778-745A-49D7-A973-2E57270F6CD1}.Release|Any CPU.ActiveCfg = Release|Any CPU
		{BA1CA778-745A-49D7-A973-2E57270F6CD1}.Release|Any CPU.Build.0 = Release|Any CPU
		{780A653A-A7D3-4827-94B1-462A31CF9A72}.Debug|Any CPU.ActiveCfg = Debug|Any CPU
		{780A653A-A7D3-4827-94B1-462A31CF9A72}.Debug|Any CPU.Build.0 = Debug|Any CPU
		{780A653A-A7D3-4827-94B1-462A31CF9A72}.Release|Any CPU.ActiveCfg = Release|Any CPU
		{780A653A-A7D3-4827-94B1-462A31CF9A72}.Release|Any CPU.Build.0 = Release|Any CPU
		{EB00BF9D-191C-49F3-8422-A2415DD04E38}.Debug|Any CPU.ActiveCfg = Debug|Any CPU
		{EB00BF9D-191C-49F3-8422-A2415DD04E38}.Debug|Any CPU.Build.0 = Debug|Any CPU
		{EB00BF9D-191C-49F3-8422-A2415DD04E38}.Release|Any CPU.ActiveCfg = Release|Any CPU
		{EB00BF9D-191C-49F3-8422-A2415DD04E38}.Release|Any CPU.Build.0 = Release|Any CPU
	EndGlobalSection
EndGlobal
